
Microsoft Visual Studio Solution File, Format Version 12.00
# Visual Studio Version 17
VisualStudioVersion = 17.8.34511.84
MinimumVisualStudioVersion = 10.0.40219.1
Project("{9A19103F-16F7-4668-BE54-9A1E7A4F7556}") = "Lesson1", "Lesson1\Lesson1.csproj", "{93BC2D2D-D5EF-4875-9E9D-5B7D7C815D91}"
EndProject
Project("{9A19103F-16F7-4668-BE54-9A1E7A4F7556}") = "Lesson1.Client", "Lesson1.Client\Lesson1.Client.csproj", "{BDA54E91-1222-447E-A449-1DC112B73DE7}"
EndProject
Project("{9A19103F-16F7-4668-BE54-9A1E7A4F7556}") = "Lesson1.Server", "Lesson1.Server\Lesson1.Server.csproj", "{1BC1F60F-7FB4-42C9-B412-593C8F97C8AD}"
EndProject
Project("{9A19103F-16F7-4668-BE54-9A1E7A4F7556}") = "Lesson1.ServerUDP", "Lesson1.ServerUDP\Lesson1.ServerUDP.csproj", "{504B9407-C1AF-40EA-80D5-1C842DA0B759}"
EndProject
Project("{9A19103F-16F7-4668-BE54-9A1E7A4F7556}") = "Lesson1.ClientUdp", "Lesson1.ClientUdp\Lesson1.ClientUdp.csproj", "{0D70F68D-176C-4D69-973D-B341844FBED4}"
EndProject
Project("{9A19103F-16F7-4668-BE54-9A1E7A4F7556}") = "Lesson1.UDPClientAsync", "Lesson1.UDPClientAsync\Lesson1.UDPClientAsync.csproj", "{F87C2BBB-D68B-4043-86D8-7D93A9919DD8}"
EndProject
Project("{9A19103F-16F7-4668-BE54-9A1E7A4F7556}") = "Lesson2", "Lesson2\Lesson2.csproj", "{5683A931-54B3-4241-9328-C5D9D66A2B92}"
EndProject
Project("{9A19103F-16F7-4668-BE54-9A1E7A4F7556}") = "Lesson1.Seminar.Server", "Lesson1.Seminar.Server\Lesson1.Seminar.Server.csproj", "{68FD81E7-3B34-467E-89A9-2A3685D37CF8}"
EndProject
Project("{9A19103F-16F7-4668-BE54-9A1E7A4F7556}") = "Lesson1.Seminar.Client", "Lesson1.Seminar.Client\Lesson1.Seminar.Client.csproj", "{C9284551-AFF9-40CC-8E29-A33B9B8EAFC1}"
EndProject
Project("{FAE04EC0-301F-11D3-BF4B-00C04F79EFBC}") = "Lesson3", "Lesson3\Lesson3.csproj", "{0FFF90CF-1C80-46DF-B9E6-E6354F7AB7C0}"
EndProject
Project("{FAE04EC0-301F-11D3-BF4B-00C04F79EFBC}") = "Lesson4", "Lesson4\Lesson4.csproj", "{155897AC-EF8F-423A-B55A-3EFFE896DAFA}"
EndProject
Global
	GlobalSection(SolutionConfigurationPlatforms) = preSolution
		Debug|Any CPU = Debug|Any CPU
		Release|Any CPU = Release|Any CPU
	EndGlobalSection
	GlobalSection(ProjectConfigurationPlatforms) = postSolution
		{93BC2D2D-D5EF-4875-9E9D-5B7D7C815D91}.Debug|Any CPU.ActiveCfg = Debug|Any CPU
		{93BC2D2D-D5EF-4875-9E9D-5B7D7C815D91}.Debug|Any CPU.Build.0 = Debug|Any CPU
		{93BC2D2D-D5EF-4875-9E9D-5B7D7C815D91}.Release|Any CPU.ActiveCfg = Release|Any CPU
		{93BC2D2D-D5EF-4875-9E9D-5B7D7C815D91}.Release|Any CPU.Build.0 = Release|Any CPU
		{BDA54E91-1222-447E-A449-1DC112B73DE7}.Debug|Any CPU.ActiveCfg = Debug|Any CPU
		{BDA54E91-1222-447E-A449-1DC112B73DE7}.Debug|Any CPU.Build.0 = Debug|Any CPU
		{BDA54E91-1222-447E-A449-1DC112B73DE7}.Release|Any CPU.ActiveCfg = Release|Any CPU
		{BDA54E91-1222-447E-A449-1DC112B73DE7}.Release|Any CPU.Build.0 = Release|Any CPU
		{1BC1F60F-7FB4-42C9-B412-593C8F97C8AD}.Debug|Any CPU.ActiveCfg = Debug|Any CPU
		{1BC1F60F-7FB4-42C9-B412-593C8F97C8AD}.Debug|Any CPU.Build.0 = Debug|Any CPU
		{1BC1F60F-7FB4-42C9-B412-593C8F97C8AD}.Release|Any CPU.ActiveCfg = Release|Any CPU
		{1BC1F60F-7FB4-42C9-B412-593C8F97C8AD}.Release|Any CPU.Build.0 = Release|Any CPU
		{504B9407-C1AF-40EA-80D5-1C842DA0B759}.Debug|Any CPU.ActiveCfg = Debug|Any CPU
		{504B9407-C1AF-40EA-80D5-1C842DA0B759}.Debug|Any CPU.Build.0 = Debug|Any CPU
		{504B9407-C1AF-40EA-80D5-1C842DA0B759}.Release|Any CPU.ActiveCfg = Release|Any CPU
		{504B9407-C1AF-40EA-80D5-1C842DA0B759}.Release|Any CPU.Build.0 = Release|Any CPU
		{0D70F68D-176C-4D69-973D-B341844FBED4}.Debug|Any CPU.ActiveCfg = Debug|Any CPU
		{0D70F68D-176C-4D69-973D-B341844FBED4}.Debug|Any CPU.Build.0 = Debug|Any CPU
		{0D70F68D-176C-4D69-973D-B341844FBED4}.Release|Any CPU.ActiveCfg = Release|Any CPU
		{0D70F68D-176C-4D69-973D-B341844FBED4}.Release|Any CPU.Build.0 = Release|Any CPU
		{F87C2BBB-D68B-4043-86D8-7D93A9919DD8}.Debug|Any CPU.ActiveCfg = Debug|Any CPU
		{F87C2BBB-D68B-4043-86D8-7D93A9919DD8}.Debug|Any CPU.Build.0 = Debug|Any CPU
		{F87C2BBB-D68B-4043-86D8-7D93A9919DD8}.Release|Any CPU.ActiveCfg = Release|Any CPU
		{F87C2BBB-D68B-4043-86D8-7D93A9919DD8}.Release|Any CPU.Build.0 = Release|Any CPU
		{5683A931-54B3-4241-9328-C5D9D66A2B92}.Debug|Any CPU.ActiveCfg = Debug|Any CPU
		{5683A931-54B3-4241-9328-C5D9D66A2B92}.Debug|Any CPU.Build.0 = Debug|Any CPU
		{5683A931-54B3-4241-9328-C5D9D66A2B92}.Release|Any CPU.ActiveCfg = Release|Any CPU
		{5683A931-54B3-4241-9328-C5D9D66A2B92}.Release|Any CPU.Build.0 = Release|Any CPU
		{68FD81E7-3B34-467E-89A9-2A3685D37CF8}.Debug|Any CPU.ActiveCfg = Debug|Any CPU
		{68FD81E7-3B34-467E-89A9-2A3685D37CF8}.Debug|Any CPU.Build.0 = Debug|Any CPU
		{68FD81E7-3B34-467E-89A9-2A3685D37CF8}.Release|Any CPU.ActiveCfg = Release|Any CPU
		{68FD81E7-3B34-467E-89A9-2A3685D37CF8}.Release|Any CPU.Build.0 = Release|Any CPU
		{C9284551-AFF9-40CC-8E29-A33B9B8EAFC1}.Debug|Any CPU.ActiveCfg = Debug|Any CPU
		{C9284551-AFF9-40CC-8E29-A33B9B8EAFC1}.Debug|Any CPU.Build.0 = Debug|Any CPU
		{C9284551-AFF9-40CC-8E29-A33B9B8EAFC1}.Release|Any CPU.ActiveCfg = Release|Any CPU
		{C9284551-AFF9-40CC-8E29-A33B9B8EAFC1}.Release|Any CPU.Build.0 = Release|Any CPU
		{0FFF90CF-1C80-46DF-B9E6-E6354F7AB7C0}.Debug|Any CPU.ActiveCfg = Debug|Any CPU
		{0FFF90CF-1C80-46DF-B9E6-E6354F7AB7C0}.Debug|Any CPU.Build.0 = Debug|Any CPU
		{0FFF90CF-1C80-46DF-B9E6-E6354F7AB7C0}.Release|Any CPU.ActiveCfg = Release|Any CPU
		{0FFF90CF-1C80-46DF-B9E6-E6354F7AB7C0}.Release|Any CPU.Build.0 = Release|Any CPU
		{155897AC-EF8F-423A-B55A-3EFFE896DAFA}.Debug|Any CPU.ActiveCfg = Debug|Any CPU
		{155897AC-EF8F-423A-B55A-3EFFE896DAFA}.Debug|Any CPU.Build.0 = Debug|Any CPU
		{155897AC-EF8F-423A-B55A-3EFFE896DAFA}.Release|Any CPU.ActiveCfg = Release|Any CPU
		{155897AC-EF8F-423A-B55A-3EFFE896DAFA}.Release|Any CPU.Build.0 = Release|Any CPU
	EndGlobalSection
	GlobalSection(SolutionProperties) = preSolution
		HideSolutionNode = FALSE
	EndGlobalSection
	GlobalSection(ExtensibilityGlobals) = postSolution
		SolutionGuid = {01C61BBC-B13B-4E17-9B95-AF8D53B6F3F7}
	EndGlobalSection
EndGlobal
